
Microsoft Visual Studio Solution File, Format Version 12.00
Project("{FAE04EC0-301F-11D3-BF4B-00C04F79EFBC}") = "Shop.Wpf", "Shop.Wpf\Shop.Wpf.csproj", "{69885EAD-27F3-459B-A04F-63212D87BF64}"
EndProject
Global
	GlobalSection(SolutionConfigurationPlatforms) = preSolution
		Debug|Any CPU = Debug|Any CPU
		Release|Any CPU = Release|Any CPU
	EndGlobalSection
	GlobalSection(ProjectConfigurationPlatforms) = postSolution
		{69885EAD-27F3-459B-A04F-63212D87BF64}.Debug|Any CPU.ActiveCfg = Debug|Any CPU
		{69885EAD-27F3-459B-A04F-63212D87BF64}.Debug|Any CPU.Build.0 = Debug|Any CPU
		{69885EAD-27F3-459B-A04F-63212D87BF64}.Release|Any CPU.ActiveCfg = Release|Any CPU
		{69885EAD-27F3-459B-A04F-63212D87BF64}.Release|Any CPU.Build.0 = Release|Any CPU
	EndGlobalSection
EndGlobal
